<?xml version="1.0" encoding="utf-8"?>
<Project ToolsVersion="4.0" xmlns="http://schemas.microsoft.com/developer/msbuild/2003">
  <ItemGroup>
    <Filter Include="Source Files">
      <UniqueIdentifier>{4FC737F1-C7A5-4376-A066-2A32D752A2FF}</UniqueIdentifier>
      <Extensions>cpp;c;cc;cxx;def;odl;idl;hpj;bat;asm;asmx</Extensions>
    </Filter>
    <Filter Include="Header Files">
      <UniqueIdentifier>{93995380-89BD-4b04-88EB-625FBE52EBFB}</UniqueIdentifier>
      <Extensions>h;hpp;hxx;hm;inl;inc;xsd</Extensions>
    </Filter>
    <Filter Include="Resource Files">
      <UniqueIdentifier>{67DA6AB6-F800-4c08-8B7A-83BB121AAD01}</UniqueIdentifier>
      <Extensions>rc;ico;cur;bmp;dlg;rc2;rct;bin;rgs;gif;jpg;jpeg;jpe;resx;tiff;tif;png;wav;mfcribbon-ms</Extensions>
    </Filter>
    <Filter Include="Lighting">
      <UniqueIdentifier>{f3680140-6dab-4d33-8527-5339226aa5f5}</UniqueIdentifier>
    </Filter>
    <Filter Include="Model">
      <UniqueIdentifier>{68548592-43cf-4529-9c6a-fce0808b341b}</UniqueIdentifier>
    </Filter>
    <Filter Include="Particles">
      <UniqueIdentifier>{29c4fb14-cd01-4e45-b81b-361de91cb668}</UniqueIdentifier>
    </Filter>
    <Filter Include="Scene">
      <UniqueIdentifier>{0c6dccef-a45d-46fd-b511-faba6b853b5f}</UniqueIdentifier>
    </Filter>
    <Filter Include="Camera">
      <UniqueIdentifier>{23ff9235-34c1-4f38-a1c6-4032af17cbdc}</UniqueIdentifier>
    </Filter>
    <Filter Include="Input">
      <UniqueIdentifier>{30137659-824f-48da-aa75-ffd23349be30}</UniqueIdentifier>
    </Filter>
  </ItemGroup>
  <ItemGroup>
    <ClCompile Include="Main.cpp">
      <Filter>Source Files</Filter>
    </ClCompile>
    <ClCompile Include="DirectXHelper.cpp">
      <Filter>Source Files</Filter>
    </ClCompile>
    <ClCompile Include="Scene/Scene.cpp">
      <Filter>Scene</Filter>
    </ClCompile>
    <ClCompile Include="Lighting/Lighting.cpp">
      <Filter>Lighting</Filter>
    </ClCompile>
    <ClCompile Include="Model/Model.cpp">
      <Filter>Model</Filter>
    </ClCompile>
    <ClCompile Include="Particles/Particles.cpp">
      <Filter>Particles</Filter>
    </ClCompile>
    <ClCompile Include="Input/Input.cpp">
      <Filter>Input</Filter>
    </ClCompile>
    <ClCompile Include="Camera/Camera.cpp">
      <Filter>Camera</Filter>
    </ClCompile>
  </ItemGroup>
  <ItemGroup>
    <ClInclude Include="Includes.h">
      <Filter>Header Files</Filter>
    </ClInclude>
    <ClInclude Include="DirectXHelper.h">
      <Filter>Header Files</Filter>
    </ClInclude>
    <ClInclude Include="Scene/Scene.h">
      <Filter>Scene</Filter>
    </ClInclude>
    <ClInclude Include="Particles/Particles.h">
      <Filter>Particles</Filter>
    </ClInclude>
    <ClInclude Include="Model/Model.h">
      <Filter>Model</Filter>
    </ClInclude>
    <ClInclude Include="Lighting/Lighting.h">
      <Filter>Lighting</Filter>
    </ClInclude>
    <ClInclude Include="Input/Input.h">
      <Filter>Input</Filter>
    </ClInclude>
    <ClInclude Include="Camera/Camera.h">
      <Filter>Camera</Filter>
    </ClInclude>
  </ItemGroup>
</Project>